lockfileVersion: 5.4

importers:
  packages/core:
    specifiers:
      '@inquirer/confirm': 0.0.19-alpha.0
      '@types/micromatch': ^4.0.2
      '@types/update-notifier': ^5.1.0
      ansi-escapes: ^5.0.0
      chalk: ^5
      execa: ^6
      fs-extra: ^10
      micromatch: ^4.0.5
    dependencies:
      '@inquirer/confirm': 0.0.19-alpha.0
      ansi-escapes: 5.0.0
      chalk: 5.0.1
      execa: 6.1.0
      fs-extra: 10.1.0
      micromatch: 4.0.5
    devDependencies:
      '@types/micromatch': 4.0.2
      '@types/update-notifier': 5.1.0

packages:
  /@inquirer/confirm/0.0.19-alpha.0:
    resolution:
      {
        integrity: sha512-R2YWOPaL4FdD2CJkR2uDQMjWfP3OwwcSFfWZWi5SHjDSjHSkgVhti5QVk+i6VFlSMVO2OKS17KQuLxIBw+IzPA==,
      }
    dependencies:
      '@inquirer/core': 0.0.20-alpha.0
      '@inquirer/input': 0.0.20-alpha.0
      chalk: 4.1.2
    dev: false

  /@inquirer/core/0.0.20-alpha.0:
    resolution:
      {
        integrity: sha512-d+V9WSh6ceqQNDJQPqh33SHAaysr69ho6OYJW52L40vlKSZFzZOR78E2pU00BPrqrDR1v/MXDKqIyxuIooIG3A==,
      }
    dependencies:
      ansi-escapes: 4.3.2
      chalk: 4.1.2
      cli-spinners: 2.6.1
      cli-width: 3.0.0
      lodash: 4.17.21
      mute-stream: 0.0.8
      run-async: 2.4.1
      string-width: 4.2.3
      strip-ansi: 6.0.1
      wrap-ansi: 7.0.0
    dev: false

  /@inquirer/input/0.0.20-alpha.0:
    resolution:
      {
        integrity: sha512-8hdZyVP9Mu955Pr660D0JHxh/DAB4A7KfWVRT7E/Gl8i3RRSZxV5v53+3Xka9l8t0A/80zICf8a1yJnuKjG5Dw==,
      }
    dependencies:
      '@inquirer/core': 0.0.20-alpha.0
      chalk: 4.1.2
    dev: false

  /@types/braces/3.0.1:
    resolution:
      {
        integrity: sha512-+euflG6ygo4bn0JHtn4pYqcXwRtLvElQ7/nnjDu7iYG56H0+OhCd7d6Ug0IE3WcFpZozBKW2+80FUbv5QGk5AQ==,
      }
    dev: true

  /@types/configstore/5.0.1:
    resolution:
      {
        integrity: sha512-c/QCznvk7bLKGhHETj29rqKufui3jaAxjBhK4R2zUrMG5UG0qTwfWYxBoUbH8JCyDjdCWMIxPJ7/Fdz1UcAnWg==,
      }
    dev: true

  /@types/micromatch/4.0.2:
    resolution:
      {
        integrity: sha512-oqXqVb0ci19GtH0vOA/U2TmHTcRY9kuZl4mqUxe0QmJAlIW13kzhuK5pi1i9+ngav8FjpSb9FVS/GE00GLX1VA==,
      }
    dependencies:
      '@types/braces': 3.0.1
    dev: true

  /@types/update-notifier/5.1.0:
    resolution:
      {
        integrity: sha512-aGY5pH1Q/DcToKXl4MCj1c0uDUB+zSVFDRCI7Q7js5sguzBTqJV/5kJA2awofbtWYF3xnon1TYdZYnFditRPtQ==,
      }
    dependencies:
      '@types/configstore': 5.0.1
      boxen: 4.2.0
    dev: true

  /ansi-align/3.0.1:
    resolution:
      {
        integrity: sha512-IOfwwBF5iczOjp/WeY4YxyjqAFMQoZufdQWDd19SEExbVLNXqvpzSJ/M7Za4/sCPmQ0+GRquoA7bGcINcxew6w==,
      }
    dependencies:
      string-width: 4.2.3
    dev: true

  /ansi-escapes/4.3.2:
    resolution:
      {
        integrity: sha512-gKXj5ALrKWQLsYG9jlTRmR/xKluxHV+Z9QEwNIgCfM1/uwPMCuzVVnh5mwTd+OuBZcwSIMbqssNWRm1lE51QaQ==,
      }
    engines: { node: '>=8' }
    dependencies:
      type-fest: 0.21.3
    dev: false

  /ansi-escapes/5.0.0:
    resolution:
      {
        integrity: sha512-5GFMVX8HqE/TB+FuBJGuO5XG0WrsA6ptUqoODaT/n9mmUaZFkqnBueB4leqGBCmrUHnCnC4PCZTCd0E7QQ83bA==,
      }
    engines: { node: '>=12' }
    dependencies:
      type-fest: 1.4.0
    dev: false

  /ansi-regex/5.0.1:
    resolution:
      {
        integrity: sha512-quJQXlTSUGL2LH9SUXo8VwsY4soanhgo6LNSm84E1LBcE8s3O0wpdiRzyR9z/ZZJMlMWv37qOOb9pdJlMUEKFQ==,
      }
    engines: { node: '>=8' }

  /ansi-styles/4.3.0:
    resolution:
      {
        integrity: sha512-zbB9rCJAT1rbjiVDb2hqKFHNYLxgtk8NURxZ3IZwD3F6NtxbXZQCnnSi1Lkx+IDohdPlFp222wVALIheZJQSEg==,
      }
    engines: { node: '>=8' }
    dependencies:
      color-convert: 2.0.1

  /boxen/4.2.0:
    resolution:
      {
        integrity: sha512-eB4uT9RGzg2odpER62bBwSLvUeGC+WbRjjyyFhGsKnc8wp/m0+hQsMUvUe3H2V0D5vw0nBdO1hCJoZo5mKeuIQ==,
      }
    engines: { node: '>=8' }
    dependencies:
      ansi-align: 3.0.1
      camelcase: 5.3.1
      chalk: 3.0.0
      cli-boxes: 2.2.1
      string-width: 4.2.3
      term-size: 2.2.1
      type-fest: 0.8.1
      widest-line: 3.1.0
    dev: true

  /braces/3.0.2:
    resolution:
      {
        integrity: sha512-b8um+L1RzM3WDSzvhm6gIz1yfTbBt6YTlcEKAvsmqCZZFw46z626lVj9j1yEPW33H5H+lBQpZMP1k8l+78Ha0A==,
      }
    engines: { node: '>=8' }
    dependencies:
      fill-range: 7.0.1
    dev: false

  /camelcase/5.3.1:
    resolution:
      {
        integrity: sha512-L28STB170nwWS63UjtlEOE3dldQApaJXZkOI1uMFfzf3rRuPegHaHesyee+YxQ+W6SvRDQV6UrdOdRiR153wJg==,
      }
    engines: { node: '>=6' }
    dev: true

  /chalk/3.0.0:
    resolution:
      {
        integrity: sha512-4D3B6Wf41KOYRFdszmDqMCGq5VV/uMAB273JILmO+3jAlh8X4qDtdtgCR3fxtbLEMzSx22QdhnDcJvu2u1fVwg==,
      }
    engines: { node: '>=8' }
    dependencies:
      ansi-styles: 4.3.0
      supports-color: 7.2.0
    dev: true

  /chalk/4.1.2:
    resolution:
      {
        integrity: sha512-oKnbhFyRIXpUuez8iBMmyEa4nbj4IOQyuhc/wy9kY7/WVPcwIO9VA668Pu8RkO7+0G76SLROeyw9CpQ061i4mA==,
      }
    engines: { node: '>=10' }
    dependencies:
      ansi-styles: 4.3.0
      supports-color: 7.2.0
    dev: false

  /chalk/5.0.1:
    resolution:
      {
        integrity: sha512-Fo07WOYGqMfCWHOzSXOt2CxDbC6skS/jO9ynEcmpANMoPrD+W1r1K6Vx7iNm+AQmETU1Xr2t+n8nzkV9t6xh3w==,
      }
    engines: { node: ^12.17.0 || ^14.13 || >=16.0.0 }
    dev: false

  /cli-boxes/2.2.1:
    resolution:
      {
        integrity: sha512-y4coMcylgSCdVinjiDBuR8PCC2bLjyGTwEmPb9NHR/QaNU6EUOXcTY/s6VjGMD6ENSEaeQYHCY0GNGS5jfMwPw==,
      }
    engines: { node: '>=6' }
    dev: true

  /cli-spinners/2.6.1:
    resolution:
      {
        integrity: sha512-x/5fWmGMnbKQAaNwN+UZlV79qBLM9JFnJuJ03gIi5whrob0xV0ofNVHy9DhwGdsMJQc2OKv0oGmLzvaqvAVv+g==,
      }
    engines: { node: '>=6' }
    dev: false

  /cli-width/3.0.0:
    resolution:
      {
        integrity: sha512-FxqpkPPwu1HjuN93Omfm4h8uIanXofW0RxVEW3k5RKx+mJJYSthzNhp32Kzxxy3YAEZ/Dc/EWN1vZRY0+kOhbw==,
      }
    engines: { node: '>= 10' }
    dev: false

  /color-convert/2.0.1:
    resolution:
      {
        integrity: sha512-RRECPsj7iu/xb5oKYcsFHSppFNnsj/52OVTRKb4zP5onXwVF3zVmmToNcOfGC+CRDpfK/U584fMg38ZHCaElKQ==,
      }
    engines: { node: '>=7.0.0' }
    dependencies:
      color-name: 1.1.4

  /color-name/1.1.4:
    resolution:
      {
        integrity: sha512-dOy+3AuW3a2wNbZHIuMZpTcgjGuLU/uBL/ubcZF9OXbDo8ff4O8yVp5Bf0efS8uEoYo5q4Fx7dY9OgQGXgAsQA==,
      }

  /cross-spawn/7.0.3:
    resolution:
      {
        integrity: sha512-iRDPJKUPVEND7dHPO8rkbOnPpyDygcDFtWjpeWNCgy8WP2rXcxXL8TskReQl6OrB2G7+UJrags1q15Fudc7G6w==,
      }
    engines: { node: '>= 8' }
    dependencies:
      path-key: 3.1.1
      shebang-command: 2.0.0
      which: 2.0.2
    dev: false

  /emoji-regex/8.0.0:
    resolution:
      {
        integrity: sha512-MSjYzcWNOA0ewAHpz0MxpYFvwg6yjy1NG3xteoqz644VCo/RPgnr1/GGt+ic3iJTzQ8Eu3TdM14SawnVUmGE6A==,
      }

  /execa/6.1.0:
    resolution:
      {
        integrity: sha512-QVWlX2e50heYJcCPG0iWtf8r0xjEYfz/OYLGDYH+IyjWezzPNxz63qNFOu0l4YftGWuizFVZHHs8PrLU5p2IDA==,
      }
    engines: { node: ^12.20.0 || ^14.13.1 || >=16.0.0 }
    dependencies:
      cross-spawn: 7.0.3
      get-stream: 6.0.1
      human-signals: 3.0.1
      is-stream: 3.0.0
      merge-stream: 2.0.0
      npm-run-path: 5.1.0
      onetime: 6.0.0
      signal-exit: 3.0.7
      strip-final-newline: 3.0.0
    dev: false

  /fill-range/7.0.1:
    resolution:
      {
        integrity: sha512-qOo9F+dMUmC2Lcb4BbVvnKJxTPjCm+RRpe4gDuGrzkL7mEVl/djYSu2OdQ2Pa302N4oqkSg9ir6jaLWJ2USVpQ==,
      }
    engines: { node: '>=8' }
    dependencies:
      to-regex-range: 5.0.1
    dev: false

  /fs-extra/10.1.0:
    resolution:
      {
        integrity: sha512-oRXApq54ETRj4eMiFzGnHWGy+zo5raudjuxN0b8H7s/RU2oW0Wvsx9O0ACRN/kRq9E8Vu/ReskGB5o3ji+FzHQ==,
      }
    engines: { node: '>=12' }
    dependencies:
      graceful-fs: 4.2.10
      jsonfile: 6.1.0
      universalify: 2.0.0
    dev: false

  /get-stream/6.0.1:
    resolution:
      {
        integrity: sha512-ts6Wi+2j3jQjqi70w5AlN8DFnkSwC+MqmxEzdEALB2qXZYV3X/b1CTfgPLGJNMeAWxdPfU8FO1ms3NUfaHCPYg==,
      }
    engines: { node: '>=10' }
    dev: false

  /graceful-fs/4.2.10:
    resolution:
      {
        integrity: sha512-9ByhssR2fPVsNZj478qUUbKfmL0+t5BDVyjShtyZZLiK7ZDAArFFfopyOTj0M05wE2tJPisA4iTnnXl2YoPvOA==,
      }
    dev: false

  /has-flag/4.0.0:
    resolution:
      {
        integrity: sha512-EykJT/Q1KjTWctppgIAgfSO0tKVuZUjhgMr17kqTumMl6Afv3EISleU7qZUzoXDFTAHTDC4NOoG/ZxU3EvlMPQ==,
      }
    engines: { node: '>=8' }

  /human-signals/3.0.1:
    resolution:
      {
        integrity: sha512-rQLskxnM/5OCldHo+wNXbpVgDn5A17CUoKX+7Sokwaknlq7CdSnphy0W39GU8dw59XiCXmFXDg4fRuckQRKewQ==,
      }
    engines: { node: '>=12.20.0' }
    dev: false

  /is-fullwidth-code-point/3.0.0:
    resolution:
      {
        integrity: sha512-zymm5+u+sCsSWyD9qNaejV3DFvhCKclKdizYaJUuHA83RLjb7nSuGnddCHGv0hk+KY7BMAlsWeK4Ueg6EV6XQg==,
      }
    engines: { node: '>=8' }

  /is-number/7.0.0:
    resolution:
      {
        integrity: sha512-41Cifkg6e8TylSpdtTpeLVMqvSBEVzTttHvERD741+pnZ8ANv0004MRL43QKPDlK9cGvNp6NZWZUBlbGXYxxng==,
      }
    engines: { node: '>=0.12.0' }
    dev: false

  /is-stream/3.0.0:
    resolution:
      {
        integrity: sha512-LnQR4bZ9IADDRSkvpqMGvt/tEJWclzklNgSw48V5EAaAeDd6qGvN8ei6k5p0tvxSR171VmGyHuTiAOfxAbr8kA==,
      }
    engines: { node: ^12.20.0 || ^14.13.1 || >=16.0.0 }
    dev: false

  /isexe/2.0.0:
    resolution:
      {
        integrity: sha512-RHxMLp9lnKHGHRng9QFhRCMbYAcVpn69smSGcq3f36xjgVVWThj4qqLbTLlq7Ssj8B+fIQ1EuCEGI2lKsyQeIw==,
      }
    dev: false

  /jsonfile/6.1.0:
    resolution:
      {
        integrity: sha512-5dgndWOriYSm5cnYaJNhalLNDKOqFwyDB/rr1E9ZsGciGvKPs8R2xYGCacuf3z6K1YKDz182fd+fY3cn3pMqXQ==,
      }
    dependencies:
      universalify: 2.0.0
    optionalDependencies:
      graceful-fs: 4.2.10
    dev: false

  /lodash/4.17.21:
    resolution:
      {
        integrity: sha512-v2kDEe57lecTulaDIuNTPy3Ry4gLGJ6Z1O3vE1krgXZNrsQ+LFTGHVxVjcXPs17LhbZVGedAJv8XZ1tvj5FvSg==,
      }
    dev: false

  /merge-stream/2.0.0:
    resolution:
      {
        integrity: sha512-abv/qOcuPfk3URPfDzmZU1LKmuw8kT+0nIHvKrKgFrwifol/doWcdA4ZqsWQ8ENrFKkd67Mfpo/LovbIUsbt3w==,
      }
    dev: false

  /micromatch/4.0.5:
    resolution:
      {
        integrity: sha512-DMy+ERcEW2q8Z2Po+WNXuw3c5YaUSFjAO5GsJqfEl7UjvtIuFKO6ZrKvcItdy98dwFI2N1tg3zNIdKaQT+aNdA==,
      }
    engines: { node: '>=8.6' }
    dependencies:
      braces: 3.0.2
      picomatch: 2.3.1
    dev: false

  /mimic-fn/4.0.0:
    resolution:
      {
        integrity: sha512-vqiC06CuhBTUdZH+RYl8sFrL096vA45Ok5ISO6sE/Mr1jRbGH4Csnhi8f3wKVl7x8mO4Au7Ir9D3Oyv1VYMFJw==,
      }
    engines: { node: '>=12' }
    dev: false

  /mute-stream/0.0.8:
    resolution:
      {
        integrity: sha512-nnbWWOkoWyUsTjKrhgD0dcz22mdkSnpYqbEjIm2nhwhuxlSkpywJmBo8h0ZqJdkp73mb90SssHkN4rsRaBAfAA==,
      }
    dev: false

  /npm-run-path/5.1.0:
    resolution:
      {
        integrity: sha512-sJOdmRGrY2sjNTRMbSvluQqg+8X7ZK61yvzBEIDhz4f8z1TZFYABsqjjCBd/0PUNE9M6QDgHJXQkGUEm7Q+l9Q==,
      }
    engines: { node: ^12.20.0 || ^14.13.1 || >=16.0.0 }
    dependencies:
      path-key: 4.0.0
    dev: false

  /onetime/6.0.0:
    resolution:
      {
        integrity: sha512-1FlR+gjXK7X+AsAHso35MnyN5KqGwJRi/31ft6x0M194ht7S+rWAvd7PHss9xSKMzE0asv1pyIHaJYq+BbacAQ==,
      }
    engines: { node: '>=12' }
    dependencies:
      mimic-fn: 4.0.0
    dev: false

  /path-key/3.1.1:
    resolution:
      {
        integrity: sha512-ojmeN0qd+y0jszEtoY48r0Peq5dwMEkIlCOu6Q5f41lfkswXuKtYrhgoTpLnyIcHm24Uhqx+5Tqm2InSwLhE6Q==,
      }
    engines: { node: '>=8' }
    dev: false

  /path-key/4.0.0:
    resolution:
      {
        integrity: sha512-haREypq7xkM7ErfgIyA0z+Bj4AGKlMSdlQE2jvJo6huWD1EdkKYV+G/T4nq0YEF2vgTT8kqMFKo1uHn950r4SQ==,
      }
    engines: { node: '>=12' }
    dev: false

  /picomatch/2.3.1:
    resolution:
      {
        integrity: sha512-JU3teHTNjmE2VCGFzuY8EXzCDVwEqB2a8fsIvwaStHhAWJEeVd1o1QD80CU6+ZdEXXSLbSsuLwJjkCBWqRQUVA==,
      }
    engines: { node: '>=8.6' }
    dev: false

  /run-async/2.4.1:
    resolution:
      {
        integrity: sha512-tvVnVv01b8c1RrA6Ep7JkStj85Guv/YrMcwqYQnwjsAS2cTmmPGBBjAjpCW7RrSodNSoE2/qg9O4bceNvUuDgQ==,
      }
    engines: { node: '>=0.12.0' }
    dev: false

  /shebang-command/2.0.0:
    resolution:
      {
        integrity: sha512-kHxr2zZpYtdmrN1qDjrrX/Z1rR1kG8Dx+gkpK1G4eXmvXswmcE1hTWBWYUzlraYw1/yZp6YuDY77YtvbN0dmDA==,
      }
    engines: { node: '>=8' }
    dependencies:
      shebang-regex: 3.0.0
    dev: false

  /shebang-regex/3.0.0:
    resolution:
      {
        integrity: sha512-7++dFhtcx3353uBaq8DDR4NuxBetBzC7ZQOhmTQInHEd6bSrXdiEyzCvG07Z44UYdLShWUyXt5M/yhz8ekcb1A==,
      }
    engines: { node: '>=8' }
    dev: false

  /signal-exit/3.0.7:
    resolution:
      {
        integrity: sha512-wnD2ZE+l+SPC/uoS0vXeE9L1+0wuaMqKlfz9AMUo38JsyLSBWSFcHR1Rri62LZc12vLr1gb3jl7iwQhgwpAbGQ==,
      }
    dev: false

  /string-width/4.2.3:
    resolution:
      {
        integrity: sha512-wKyQRQpjJ0sIp62ErSZdGsjMJWsap5oRNihHhu6G7JVO/9jIB6UyevL+tXuOqrng8j/cxKTWyWUwvSTriiZz/g==,
      }
    engines: { node: '>=8' }
    dependencies:
      emoji-regex: 8.0.0
      is-fullwidth-code-point: 3.0.0
      strip-ansi: 6.0.1

  /strip-ansi/6.0.1:
    resolution:
      {
        integrity: sha512-Y38VPSHcqkFrCpFnQ9vuSXmquuv5oXOKpGeT6aGrr3o3Gc9AlVa6JBfUSOCnbxGGZF+/0ooI7KrPuUSztUdU5A==,
      }
    engines: { node: '>=8' }
    dependencies:
      ansi-regex: 5.0.1

  /strip-final-newline/3.0.0:
    resolution:
      {
        integrity: sha512-dOESqjYr96iWYylGObzd39EuNTa5VJxyvVAEm5Jnh7KGo75V43Hk1odPQkNDyXNmUR6k+gEiDVXnjB8HJ3crXw==,
      }
    engines: { node: '>=12' }
    dev: false

  /supports-color/7.2.0:
    resolution:
      {
        integrity: sha512-qpCAvRl9stuOHveKsn7HncJRvv501qIacKzQlO/+Lwxc9+0q2wLyv4Dfvt80/DPn2pqOBsJdDiogXGR9+OvwRw==,
      }
    engines: { node: '>=8' }
    dependencies:
      has-flag: 4.0.0

  /term-size/2.2.1:
    resolution:
      {
        integrity: sha512-wK0Ri4fOGjv/XPy8SBHZChl8CM7uMc5VML7SqiQ0zG7+J5Vr+RMQDoHa2CNT6KHUnTGIXH34UDMkPzAUyapBZg==,
      }
    engines: { node: '>=8' }
    dev: true

  /to-regex-range/5.0.1:
    resolution:
      {
        integrity: sha512-65P7iz6X5yEr1cwcgvQxbbIw7Uk3gOy5dIdtZ4rDveLqhrdJP+Li/Hx6tyK0NEb+2GCyneCMJiGqrADCSNk8sQ==,
      }
    engines: { node: '>=8.0' }
    dependencies:
      is-number: 7.0.0
    dev: false

  /type-fest/0.21.3:
    resolution:
      {
        integrity: sha512-t0rzBq87m3fVcduHDUFhKmyyX+9eo6WQjZvf51Ea/M0Q7+T374Jp1aUiyUl0GKxp8M/OETVHSDvmkyPgvX+X2w==,
      }
    engines: { node: '>=10' }
    dev: false

  /type-fest/0.8.1:
    resolution:
      {
        integrity: sha512-4dbzIzqvjtgiM5rw1k5rEHtBANKmdudhGyBEajN01fEyhaAIhsoKNy6y7+IN93IfpFtwY9iqi7kD+xwKhQsNJA==,
      }
    engines: { node: '>=8' }
    dev: true

  /type-fest/1.4.0:
    resolution:
      {
        integrity: sha512-yGSza74xk0UG8k+pLh5oeoYirvIiWo5t0/o3zHHAO2tRDiZcxWP7fywNlXhqb6/r6sWvwi+RsyQMWhVLe4BVuA==,
      }
    engines: { node: '>=10' }
    dev: false

  /universalify/2.0.0:
    resolution:
      {
        integrity: sha512-hAZsKq7Yy11Zu1DE0OzWjw7nnLZmJZYTDZZyEFHZdUhV8FkH5MCfoU1XMaxXovpyW5nq5scPqq0ZDP9Zyl04oQ==,
      }
    engines: { node: '>= 10.0.0' }
    dev: false

  /which/2.0.2:
    resolution:
      {
        integrity: sha512-BLI3Tl1TW3Pvl70l3yq3Y64i+awpwXqsGBYWkkqMtnbXgrMD+yj7rhW0kuEDxzJaYXGjEW5ogapKNMEKNMjibA==,
      }
    engines: { node: '>= 8' }
    hasBin: true
    dependencies:
      isexe: 2.0.0
    dev: false

  /widest-line/3.1.0:
    resolution:
      {
        integrity: sha512-NsmoXalsWVDMGupxZ5R08ka9flZjjiLvHVAWYOKtiKM8ujtZWr9cRffak+uSE48+Ob8ObalXpwyeUiyDD6QFgg==,
      }
    engines: { node: '>=8' }
    dependencies:
      string-width: 4.2.3
    dev: true

  /wrap-ansi/7.0.0:
    resolution:
      {
        integrity: sha512-YVGIj2kamLSTxw6NsZjoBxfSwsn0ycdesmc4p+Q21c5zPuZ1pl+NfxVdxPtdHvmNVOQ6XSYG4AUtyt/Fi7D16Q==,
      }
    engines: { node: '>=10' }
    dependencies:
      ansi-styles: 4.3.0
      string-width: 4.2.3
      strip-ansi: 6.0.1
    dev: false
